{"version":4,"terraform_version":"1.11.5","serial":1,"lineage":"2c223b1e-852a-ac92-8d9c-05ce748ea14f","outputs":{},"resources":[{"module":"module.pet[0]","mode":"managed","type":"random_pet","name":"this","provider":"provider[\"registry.opentofu.org/hashicorp/random\"]","instances":[{"schema_version":0,"attributes":{"id":"test-0-just-phoenix","keepers":null,"length":2,"prefix":"test-0","separator":"-"},"sensitive_attributes":[]}]},{"module":"module.pet[1]","mode":"managed","type":"random_pet","name":"this","provider":"provider[\"registry.opentofu.org/hashicorp/random\"]","instances":[{"schema_version":0,"attributes":{"id":"test-1-brief-jennet","keepers":null,"length":2,"prefix":"test-1","separator":"-"},"sensitive_attributes":[]}]}],"check_results":null}
